
Microsoft Visual Studio Solution File, Format Version 12.00
# Visual Studio Version 16
VisualStudioVersion = 16.0.31702.278
MinimumVisualStudioVersion = 10.0.40219.1
Project("{FAE04EC0-301F-11D3-BF4B-00C04F79EFBC}") = "WebApplicationClass", "WebApplicationClass\WebApplicationClass.csproj", "{D8D23260-8D1B-4434-9945-673B0D1A352E}"
EndProject
Global
	GlobalSection(SolutionConfigurationPlatforms) = preSolution
		Debug|Any CPU = Debug|Any CPU
		Release|Any CPU = Release|Any CPU
	EndGlobalSection
	GlobalSection(ProjectConfigurationPlatforms) = postSolution
		{D8D23260-8D1B-4434-9945-673B0D1A352E}.Debug|Any CPU.ActiveCfg = Debug|Any CPU
		{D8D23260-8D1B-4434-9945-673B0D1A352E}.Debug|Any CPU.Build.0 = Debug|Any CPU
		{D8D23260-8D1B-4434-9945-673B0D1A352E}.Release|Any CPU.ActiveCfg = Release|Any CPU
		{D8D23260-8D1B-4434-9945-673B0D1A352E}.Release|Any CPU.Build.0 = Release|Any CPU
	EndGlobalSection
	GlobalSection(SolutionProperties) = preSolution
		HideSolutionNode = FALSE
	EndGlobalSection
	GlobalSection(ExtensibilityGlobals) = postSolution
		SolutionGuid = {41527583-99BA-4BBD-AE9C-2AA1742D6EA8}
	EndGlobalSection
EndGlobal
